
Microsoft Visual Studio Solution File, Format Version 12.00
Project("{FAE04EC0-301F-11D3-BF4B-00C04F79EFBC}") = "EjemploMartes", "EjemploMartes.csproj", "{0E11CA54-D138-4E9F-837F-81D88B200411}"
EndProject
Global
	GlobalSection(SolutionConfigurationPlatforms) = preSolution
		Debug|Any CPU = Debug|Any CPU
		Release|Any CPU = Release|Any CPU
	EndGlobalSection
	GlobalSection(ProjectConfigurationPlatforms) = postSolution
		{0E11CA54-D138-4E9F-837F-81D88B200411}.Debug|Any CPU.ActiveCfg = Debug|Any CPU
		{0E11CA54-D138-4E9F-837F-81D88B200411}.Debug|Any CPU.Build.0 = Debug|Any CPU
		{0E11CA54-D138-4E9F-837F-81D88B200411}.Release|Any CPU.ActiveCfg = Release|Any CPU
		{0E11CA54-D138-4E9F-837F-81D88B200411}.Release|Any CPU.Build.0 = Release|Any CPU
	EndGlobalSection
EndGlobal
